
Microsoft Visual Studio Solution File, Format Version 12.00
# Visual Studio Version 17
VisualStudioVersion = 17.11.35303.130
MinimumVisualStudioVersion = 10.0.40219.1
Project("{FAE04EC0-301F-11D3-BF4B-00C04F79EFBC}") = "VegasHU", "VegasHU\VegasHU.csproj", "{A5DC65BF-7641-466D-BE7A-7F175C8C64A2}"
EndProject
Global
	GlobalSection(SolutionConfigurationPlatforms) = preSolution
		Debug|Any CPU = Debug|Any CPU
		Release|Any CPU = Release|Any CPU
	EndGlobalSection
	GlobalSection(ProjectConfigurationPlatforms) = postSolution
		{A5DC65BF-7641-466D-BE7A-7F175C8C64A2}.Debug|Any CPU.ActiveCfg = Debug|Any CPU
		{A5DC65BF-7641-466D-BE7A-7F175C8C64A2}.Debug|Any CPU.Build.0 = Debug|Any CPU
		{A5DC65BF-7641-466D-BE7A-7F175C8C64A2}.Release|Any CPU.ActiveCfg = Release|Any CPU
		{A5DC65BF-7641-466D-BE7A-7F175C8C64A2}.Release|Any CPU.Build.0 = Release|Any CPU
	EndGlobalSection
	GlobalSection(SolutionProperties) = preSolution
		HideSolutionNode = FALSE
	EndGlobalSection
	GlobalSection(ExtensibilityGlobals) = postSolution
		SolutionGuid = {78366337-A784-4013-ADCA-2649709A557A}
	EndGlobalSection
EndGlobal
